// !$*UTF8*$!
{
	archiveVersion = 1;
	classes = {
	};
	objectVersion = 50;
	objects = {

/* Begin PBXBuildFile section */
		AE7EBF4123746F0E00C1A055 /* AppDelegate.swift in Sources */ = {isa = PBXBuildFile; fileRef = AE7EBF4023746F0E00C1A055 /* AppDelegate.swift */; };
		AE7EBF4323746F0E00C1A055 /* SceneDelegate.swift in Sources */ = {isa = PBXBuildFile; fileRef = AE7EBF4223746F0E00C1A055 /* SceneDelegate.swift */; };
		AE7EBF4523746F0E00C1A055 /* ViewController.swift in Sources */ = {isa = PBXBuildFile; fileRef = AE7EBF4423746F0E00C1A055 /* ViewController.swift */; };
		AE7EBF4823746F0E00C1A055 /* Main.storyboard in Resources */ = {isa = PBXBuildFile; fileRef = AE7EBF4623746F0E00C1A055 /* Main.storyboard */; };
		AE7EBF4A23746F1000C1A055 /* Assets.xcassets in Resources */ = {isa = PBXBuildFile; fileRef = AE7EBF4923746F1000C1A055 /* Assets.xcassets */; };
		AE7EBF4D23746F1000C1A055 /* LaunchScreen.storyboard in Resources */ = {isa = PBXBuildFile; fileRef = AE7EBF4B23746F1000C1A055 /* LaunchScreen.storyboard */; };
		AE7EBF5823746F1100C1A055 /* Assignment3_WeijieZhengTests.swift in Sources */ = {isa = PBXBuildFile; fileRef = AE7EBF5723746F1100C1A055 /* Assignment3_WeijieZhengTests.swift */; };
		AE7EBF6323746F1100C1A055 /* Assignment3_WeijieZhengUITests.swift in Sources */ = {isa = PBXBuildFile; fileRef = AE7EBF6223746F1100C1A055 /* Assignment3_WeijieZhengUITests.swift */; };
		AE7EBF712374724C00C1A055 /* ChartScene.sks in Resources */ = {isa = PBXBuildFile; fileRef = AE7EBF702374724C00C1A055 /* ChartScene.sks */; };
		AE7EBF73237472A700C1A055 /* ChartScene.swift in Sources */ = {isa = PBXBuildFile; fileRef = AE7EBF72237472A700C1A055 /* ChartScene.swift */; };
		AEB0A505238E26C10096CDFF /* PlatformCell.swift in Sources */ = {isa = PBXBuildFile; fileRef = AEB0A504238E26C10096CDFF /* PlatformCell.swift */; };
/* End PBXBuildFile section */

/* Begin PBXContainerItemProxy section */
		AE7EBF5423746F1100C1A055 /* PBXContainerItemProxy */ = {
			isa = PBXContainerItemProxy;
			containerPortal = AE7EBF3523746F0E00C1A055 /* Project object */;
			proxyType = 1;
			remoteGlobalIDString = AE7EBF3C23746F0E00C1A055;
			remoteInfo = Assignment3_WeijieZheng;
		};
		AE7EBF5F23746F1100C1A055 /* PBXContainerItemProxy */ = {
			isa = PBXContainerItemProxy;
			containerPortal = AE7EBF3523746F0E00C1A055 /* Project object */;
			proxyType = 1;
			remoteGlobalIDString = AE7EBF3C23746F0E00C1A055;
			remoteInfo = Assignment3_WeijieZheng;
		};
/* End PBXContainerItemProxy section */

/* Begin PBXFileReference section */
		AE7EBF3D23746F0E00C1A055 /* Assignment3_WeijieZheng.app */ = {isa = PBXFileReference; explicitFileType = wrapper.application; includeInIndex = 0; path = Assignment3_WeijieZheng.app; sourceTree = BUILT_PRODUCTS_DIR; };
		AE7EBF4023746F0E00C1A055 /* AppDelegate.swift */ = {isa = PBXFileReference; lastKnownFileType = sourcecode.swift; path = AppDelegate.swift; sourceTree = "<group>"; };
		AE7EBF4223746F0E00C1A055 /* SceneDelegate.swift */ = {isa = PBXFileReference; lastKnownFileType = sourcecode.swift; path = SceneDelegate.swift; sourceTree = "<group>"; };
		AE7EBF4423746F0E00C1A055 /* ViewController.swift */ = {isa = PBXFileReference; lastKnownFileType = sourcecode.swift; path = ViewController.swift; sourceTree = "<group>"; };
		AE7EBF4723746F0E00C1A055 /* Base */ = {isa = PBXFileReference; lastKnownFileType = file.storyboard; name = Base; path = Base.lproj/Main.storyboard; sourceTree = "<group>"; };
		AE7EBF4923746F1000C1A055 /* Assets.xcassets */ = {isa = PBXFileReference; lastKnownFileType = folder.assetcatalog; path = Assets.xcassets; sourceTree = "<group>"; };
		AE7EBF4C23746F1000C1A055 /* Base */ = {isa = PBXFileReference; lastKnownFileType = file.storyboard; name = Base; path = Base.lproj/LaunchScreen.storyboard; sourceTree = "<group>"; };
		AE7EBF4E23746F1100C1A055 /* Info.plist */ = {isa = PBXFileReference; lastKnownFileType = text.plist.xml; path = Info.plist; sourceTree = "<group>"; };
		AE7EBF5323746F1100C1A055 /* Assignment3_WeijieZhengTests.xctest */ = {isa = PBXFileReference; explicitFileType = wrapper.cfbundle; includeInIndex = 0; path = Assignment3_WeijieZhengTests.xctest; sourceTree = BUILT_PRODUCTS_DIR; };
		AE7EBF5723746F1100C1A055 /* Assignment3_WeijieZhengTests.swift */ = {isa = PBXFileReference; lastKnownFileType = sourcecode.swift; path = Assignment3_WeijieZhengTests.swift; sourceTree = "<group>"; };
		AE7EBF5923746F1100C1A055 /* Info.plist */ = {isa = PBXFileReference; lastKnownFileType = text.plist.xml; path = Info.plist; sourceTree = "<group>"; };
		AE7EBF5E23746F1100C1A055 /* Assignment3_WeijieZhengUITests.xctest */ = {isa = PBXFileReference; explicitFileType = wrapper.cfbundle; includeInIndex = 0; path = Assignment3_WeijieZhengUITests.xctest; sourceTree = BUILT_PRODUCTS_DIR; };
		AE7EBF6223746F1100C1A055 /* Assignment3_WeijieZhengUITests.swift */ = {isa = PBXFileReference; lastKnownFileType = sourcecode.swift; path = Assignment3_WeijieZhengUITests.swift; sourceTree = "<group>"; };
		AE7EBF6423746F1100C1A055 /* Info.plist */ = {isa = PBXFileReference; lastKnownFileType = text.plist.xml; path = Info.plist; sourceTree = "<group>"; };
		AE7EBF702374724C00C1A055 /* ChartScene.sks */ = {isa = PBXFileReference; lastKnownFileType = file.sks; path = ChartScene.sks; sourceTree = "<group>"; };
		AE7EBF72237472A700C1A055 /* ChartScene.swift */ = {isa = PBXFileReference; lastKnownFileType = sourcecode.swift; path = ChartScene.swift; sourceTree = "<group>"; };
		AEB0A504238E26C10096CDFF /* PlatformCell.swift */ = {isa = PBXFileReference; lastKnownFileType = sourcecode.swift; path = PlatformCell.swift; sourceTree = "<group>"; };
/* End PBXFileReference section */

/* Begin PBXFrameworksBuildPhase section */
		AE7EBF3A23746F0E00C1A055 /* Frameworks */ = {
			isa = PBXFrameworksBuildPhase;
			buildActionMask = 2147483647;
			files = (
			);
			runOnlyForDeploymentPostprocessing = 0;
		};
		AE7EBF5023746F1100C1A055 /* Frameworks */ = {
			isa = PBXFrameworksBuildPhase;
			buildActionMask = 2147483647;
			files = (
			);
			runOnlyForDeploymentPostprocessing = 0;
		};
		AE7EBF5B23746F1100C1A055 /* Frameworks */ = {
			isa = PBXFrameworksBuildPhase;
			buildActionMask = 2147483647;
			files = (
			);
			runOnlyForDeploymentPostprocessing = 0;
		};
/* End PBXFrameworksBuildPhase section */

/* Begin PBXGroup section */
		AE7EBF3423746F0E00C1A055 = {
			isa = PBXGroup;
			children = (
				AE7EBF3F23746F0E00C1A055 /* Assignment3_WeijieZheng */,
				AE7EBF5623746F1100C1A055 /* Assignment3_WeijieZhengTests */,
				AE7EBF6123746F1100C1A055 /* Assignment3_WeijieZhengUITests */,
				AE7EBF3E23746F0E00C1A055 /* Products */,
			);
			sourceTree = "<group>";
		};
		AE7EBF3E23746F0E00C1A055 /* Products */ = {
			isa = PBXGroup;
			children = (
				AE7EBF3D23746F0E00C1A055 /* Assignment3_WeijieZheng.app */,
				AE7EBF5323746F1100C1A055 /* Assignment3_WeijieZhengTests.xctest */,
				AE7EBF5E23746F1100C1A055 /* Assignment3_WeijieZhengUITests.xctest */,
			);
			name = Products;
			sourceTree = "<group>";
		};
		AE7EBF3F23746F0E00C1A055 /* Assignment3_WeijieZheng */ = {
			isa = PBXGroup;
			children = (
				AE7EBF4023746F0E00C1A055 /* AppDelegate.swift */,
				AE7EBF4223746F0E00C1A055 /* SceneDelegate.swift */,
				AE7EBF4423746F0E00C1A055 /* ViewController.swift */,
				AE7EBF72237472A700C1A055 /* ChartScene.swift */,
				AE7EBF702374724C00C1A055 /* ChartScene.sks */,
				AE7EBF4623746F0E00C1A055 /* Main.storyboard */,
				AE7EBF4923746F1000C1A055 /* Assets.xcassets */,
				AE7EBF4B23746F1000C1A055 /* LaunchScreen.storyboard */,
				AE7EBF4E23746F1100C1A055 /* Info.plist */,
				AEB0A504238E26C10096CDFF /* PlatformCell.swift */,
			);
			path = Assignment3_WeijieZheng;
			sourceTree = "<group>";
		};
		AE7EBF5623746F1100C1A055 /* Assignment3_WeijieZhengTests */ = {
			isa = PBXGroup;
			children = (
				AE7EBF5723746F1100C1A055 /* Assignment3_WeijieZhengTests.swift */,
				AE7EBF5923746F1100C1A055 /* Info.plist */,
			);
			path = Assignment3_WeijieZhengTests;
			sourceTree = "<group>";
		};
		AE7EBF6123746F1100C1A055 /* Assignment3_WeijieZhengUITests */ = {
			isa = PBXGroup;
			children = (
				AE7EBF6223746F1100C1A055 /* Assignment3_WeijieZhengUITests.swift */,
				AE7EBF6423746F1100C1A055 /* Info.plist */,
			);
			path = Assignment3_WeijieZhengUITests;
			sourceTree = "<group>";
		};
/* End PBXGroup section */

/* Begin PBXNativeTarget section */
		AE7EBF3C23746F0E00C1A055 /* Assignment3_WeijieZheng */ = {
			isa = PBXNativeTarget;
			buildConfigurationList = AE7EBF6723746F1100C1A055 /* Build configuration list for PBXNativeTarget "Assignment3_WeijieZheng" */;
			buildPhases = (
				AE7EBF3923746F0E00C1A055 /* Sources */,
				AE7EBF3A23746F0E00C1A055 /* Frameworks */,
				AE7EBF3B23746F0E00C1A055 /* Resources */,
			);
			buildRules = (
			);
			dependencies = (
			);
			name = Assignment3_WeijieZheng;
			productName = Assignment3_WeijieZheng;
			productReference = AE7EBF3D23746F0E00C1A055 /* Assignment3_WeijieZheng.app */;
			productType = "com.apple.product-type.application";
		};
		AE7EBF5223746F1100C1A055 /* Assignment3_WeijieZhengTests */ = {
			isa = PBXNativeTarget;
			buildConfigurationList = AE7EBF6A23746F1100C1A055 /* Build configuration list for PBXNativeTarget "Assignment3_WeijieZhengTests" */;
			buildPhases = (
				AE7EBF4F23746F1100C1A055 /* Sources */,
				AE7EBF5023746F1100C1A055 /* Frameworks */,
				AE7EBF5123746F1100C1A055 /* Resources */,
			);
			buildRules = (
			);
			dependencies = (
				AE7EBF5523746F1100C1A055 /* PBXTargetDependency */,
			);
			name = Assignment3_WeijieZhengTests;
			productName = Assignment3_WeijieZhengTests;
			productReference = AE7EBF5323746F1100C1A055 /* Assignment3_WeijieZhengTests.xctest */;
			productType = "com.apple.product-type.bundle.unit-test";
		};
		AE7EBF5D23746F1100C1A055 /* Assignment3_WeijieZhengUITests */ = {
			isa = PBXNativeTarget;
			buildConfigurationList = AE7EBF6D23746F1100C1A055 /* Build configuration list for PBXNativeTarget "Assignment3_WeijieZhengUITests" */;
			buildPhases = (
				AE7EBF5A23746F1100C1A055 /* Sources */,
				AE7EBF5B23746F1100C1A055 /* Frameworks */,
				AE7EBF5C23746F1100C1A055 /* Resources */,
			);
			buildRules = (
			);
			dependencies = (
				AE7EBF6023746F1100C1A055 /* PBXTargetDependency */,
			);
			name = Assignment3_WeijieZhengUITests;
			productName = Assignment3_WeijieZhengUITests;
			productReference = AE7EBF5E23746F1100C1A055 /* Assignment3_WeijieZhengUITests.xctest */;
			productType = "com.apple.product-type.bundle.ui-testing";
		};
/* End PBXNativeTarget section */

/* Begin PBXProject section */
		AE7EBF3523746F0E00C1A055 /* Project object */ = {
			isa = PBXProject;
			attributes = {
				LastSwiftUpdateCheck = 1120;
				LastUpgradeCheck = 1120;
				ORGANIZATIONNAME = zhenzhen;
				TargetAttributes = {
					AE7EBF3C23746F0E00C1A055 = {
						CreatedOnToolsVersion = 11.2;
					};
					AE7EBF5223746F1100C1A055 = {
						CreatedOnToolsVersion = 11.2;
						TestTargetID = AE7EBF3C23746F0E00C1A055;
					};
					AE7EBF5D23746F1100C1A055 = {
						CreatedOnToolsVersion = 11.2;
						TestTargetID = AE7EBF3C23746F0E00C1A055;
					};
				};
			};
			buildConfigurationList = AE7EBF3823746F0E00C1A055 /* Build configuration list for PBXProject "Assignment3_WeijieZheng" */;
			compatibilityVersion = "Xcode 9.3";
			developmentRegion = en;
			hasScannedForEncodings = 0;
			knownRegions = (
				en,
				Base,
			);
			mainGroup = AE7EBF3423746F0E00C1A055;
			productRefGroup = AE7EBF3E23746F0E00C1A055 /* Products */;
			projectDirPath = "";
			projectRoot = "";
			targets = (
				AE7EBF3C23746F0E00C1A055 /* Assignment3_WeijieZheng */,
				AE7EBF5223746F1100C1A055 /* Assignment3_WeijieZhengTests */,
				AE7EBF5D23746F1100C1A055 /* Assignment3_WeijieZhengUITests */,
			);
		};
/* End PBXProject section */

/* Begin PBXResourcesBuildPhase section */
		AE7EBF3B23746F0E00C1A055 /* Resources */ = {
			isa = PBXResourcesBuildPhase;
			buildActionMask = 2147483647;
			files = (
				AE7EBF4D23746F1000C1A055 /* LaunchScreen.storyboard in Resources */,
				AE7EBF712374724C00C1A055 /* ChartScene.sks in Resources */,
				AE7EBF4A23746F1000C1A055 /* Assets.xcassets in Resources */,
				AE7EBF4823746F0E00C1A055 /* Main.storyboard in Resources */,
			);
			runOnlyForDeploymentPostprocessing = 0;
		};
		AE7EBF5123746F1100C1A055 /* Resources */ = {
			isa = PBXResourcesBuildPhase;
			buildActionMask = 2147483647;
			files = (
			);
			runOnlyForDeploymentPostprocessing = 0;
		};
		AE7EBF5C23746F1100C1A055 /* Resources */ = {
			isa = PBXResourcesBuildPhase;
			buildActionMask = 2147483647;
			files = (
			);
			runOnlyForDeploymentPostprocessing = 0;
		};
/* End PBXResourcesBuildPhase section */

/* Begin PBXSourcesBuildPhase section */
		AE7EBF3923746F0E00C1A055 /* Sources */ = {
			isa = PBXSourcesBuildPhase;
			buildActionMask = 2147483647;
			files = (
				AE7EBF4523746F0E00C1A055 /* ViewController.swift in Sources */,
				AE7EBF4123746F0E00C1A055 /* AppDelegate.swift in Sources */,
				AEB0A505238E26C10096CDFF /* PlatformCell.swift in Sources */,
				AE7EBF4323746F0E00C1A055 /* SceneDelegate.swift in Sources */,
				AE7EBF73237472A700C1A055 /* ChartScene.swift in Sources */,
			);
			runOnlyForDeploymentPostprocessing = 0;
		};
		AE7EBF4F23746F1100C1A055 /* Sources */ = {
			isa = PBXSourcesBuildPhase;
			buildActionMask = 2147483647;
			files = (
				AE7EBF5823746F1100C1A055 /* Assignment3_WeijieZhengTests.swift in Sources */,
			);
			runOnlyForDeploymentPostprocessing = 0;
		};
		AE7EBF5A23746F1100C1A055 /* Sources */ = {
			isa = PBXSourcesBuildPhase;
			buildActionMask = 2147483647;
			files = (
				AE7EBF6323746F1100C1A055 /* Assignment3_WeijieZhengUITests.swift in Sources */,
			);
			runOnlyForDeploymentPostprocessing = 0;
		};
/* End PBXSourcesBuildPhase section */

/* Begin PBXTargetDependency section */
		AE7EBF5523746F1100C1A055 /* PBXTargetDependency */ = {
			isa = PBXTargetDependency;
			target = AE7EBF3C23746F0E00C1A055 /* Assignment3_WeijieZheng */;
			targetProxy = AE7EBF5423746F1100C1A055 /* PBXContainerItemProxy */;
		};
		AE7EBF6023746F1100C1A055 /* PBXTargetDependency */ = {
			isa = PBXTargetDependency;
			target = AE7EBF3C23746F0E00C1A055 /* Assignment3_WeijieZheng */;
			targetProxy = AE7EBF5F23746F1100C1A055 /* PBXContainerItemProxy */;
		};
/* End PBXTargetDependency section */

/* Begin PBXVariantGroup section */
		AE7EBF4623746F0E00C1A055 /* Main.storyboard */ = {
			isa = PBXVariantGroup;
			children = (
				AE7EBF4723746F0E00C1A055 /* Base */,
			);
			name = Main.storyboard;
			sourceTree = "<group>";
		};
		AE7EBF4B23746F1000C1A055 /* LaunchScreen.storyboard */ = {
			isa = PBXVariantGroup;
			children = (
				AE7EBF4C23746F1000C1A055 /* Base */,
			);
			name = LaunchScreen.storyboard;
			sourceTree = "<group>";
		};
/* End PBXVariantGroup section */

/* Begin XCBuildConfiguration section */
		AE7EBF6523746F1100C1A055 /* Debug */ = {
			isa = XCBuildConfiguration;
			buildSettings = {
				ALWAYS_SEARCH_USER_PATHS = NO;
				CLANG_ANALYZER_NONNULL = YES;
				CLANG_ANALYZER_NUMBER_OBJECT_CONVERSION = YES_AGGRESSIVE;
				CLANG_CXX_LANGUAGE_STANDARD = "gnu++14";
				CLANG_CXX_LIBRARY = "libc++";
				CLANG_ENABLE_MODULES = YES;
				CLANG_ENABLE_OBJC_ARC = YES;
				CLANG_ENABLE_OBJC_WEAK = YES;
				CLANG_WARN_BLOCK_CAPTURE_AUTORELEASING = YES;
				CLANG_WARN_BOOL_CONVERSION = YES;
				CLANG_WARN_COMMA = YES;
				CLANG_WARN_CONSTANT_CONVERSION = YES;
				CLANG_WARN_DEPRECATED_OBJC_IMPLEMENTATIONS = YES;
				CLANG_WARN_DIRECT_OBJC_ISA_USAGE = YES_ERROR;
				CLANG_WARN_DOCUMENTATION_COMMENTS = YES;
				CLANG_WARN_EMPTY_BODY = YES;
				CLANG_WARN_ENUM_CONVERSION = YES;
				CLANG_WARN_INFINITE_RECURSION = YES;
				CLANG_WARN_INT_CONVERSION = YES;
				CLANG_WARN_NON_LITERAL_NULL_CONVERSION = YES;
				CLANG_WARN_OBJC_IMPLICIT_RETAIN_SELF = YES;
				CLANG_WARN_OBJC_LITERAL_CONVERSION = YES;
				CLANG_WARN_OBJC_ROOT_CLASS = YES_ERROR;
				CLANG_WARN_RANGE_LOOP_ANALYSIS = YES;
				CLANG_WARN_STRICT_PROTOTYPES = YES;
				CLANG_WARN_SUSPICIOUS_MOVE = YES;
				CLANG_WARN_UNGUARDED_AVAILABILITY = YES_AGGRESSIVE;
				CLANG_WARN_UNREACHABLE_CODE = YES;
				CLANG_WARN__DUPLICATE_METHOD_MATCH = YES;
				COPY_PHASE_STRIP = NO;
				DEBUG_INFORMATION_FORMAT = dwarf;
				ENABLE_STRICT_OBJC_MSGSEND = YES;
				ENABLE_TESTABILITY = YES;
				GCC_C_LANGUAGE_STANDARD = gnu11;
				GCC_DYNAMIC_NO_PIC = NO;
				GCC_NO_COMMON_BLOCKS = YES;
				GCC_OPTIMIZATION_LEVEL = 0;
				GCC_PREPROCESSOR_DEFINITIONS = (
					"DEBUG=1",
					"$(inherited)",
				);
				GCC_WARN_64_TO_32_BIT_CONVERSION = YES;
				GCC_WARN_ABOUT_RETURN_TYPE = YES_ERROR;
				GCC_WARN_UNDECLARED_SELECTOR = YES;
				GCC_WARN_UNINITIALIZED_AUTOS = YES_AGGRESSIVE;
				GCC_WARN_UNUSED_FUNCTION = YES;
				GCC_WARN_UNUSED_VARIABLE = YES;
				IPHONEOS_DEPLOYMENT_TARGET = 13.2;
				MTL_ENABLE_DEBUG_INFO = INCLUDE_SOURCE;
				MTL_FAST_MATH = YES;
				ONLY_ACTIVE_ARCH = YES;
				SDKROOT = iphoneos;
				SWIFT_ACTIVE_COMPILATION_CONDITIONS = DEBUG;
				SWIFT_OPTIMIZATION_LEVEL = "-Onone";
			};
			name = Debug;
		};
		AE7EBF6623746F1100C1A055 /* Release */ = {
			isa = XCBuildConfiguration;
			buildSettings = {
				ALWAYS_SEARCH_USER_PATHS = NO;
				CLANG_ANALYZER_NONNULL = YES;
				CLANG_ANALYZER_NUMBER_OBJECT_CONVERSION = YES_AGGRESSIVE;
				CLANG_CXX_LANGUAGE_STANDARD = "gnu++14";
				CLANG_CXX_LIBRARY = "libc++";
				CLANG_ENABLE_MODULES = YES;
				CLANG_ENABLE_OBJC_ARC = YES;
				CLANG_ENABLE_OBJC_WEAK = YES;
				CLANG_WARN_BLOCK_CAPTURE_AUTORELEASING = YES;
				CLANG_WARN_BOOL_CONVERSION = YES;
				CLANG_WARN_COMMA = YES;
				CLANG_WARN_CONSTANT_CONVERSION = YES;
				CLANG_WARN_DEPRECATED_OBJC_IMPLEMENTATIONS = YES;
				CLANG_WARN_DIRECT_OBJC_ISA_USAGE = YES_ERROR;
				CLANG_WARN_DOCUMENTATION_COMMENTS = YES;
				CLANG_WARN_EMPTY_BODY = YES;
				CLANG_WARN_ENUM_CONVERSION = YES;
				CLANG_WARN_INFINITE_RECURSION = YES;
				CLANG_WARN_INT_CONVERSION = YES;
				CLANG_WARN_NON_LITERAL_NULL_CONVERSION = YES;
				CLANG_WARN_OBJC_IMPLICIT_RETAIN_SELF = YES;
				CLANG_WARN_OBJC_LITERAL_CONVERSION = YES;
				CLANG_WARN_OBJC_ROOT_CLASS = YES_ERROR;
				CLANG_WARN_RANGE_LOOP_ANALYSIS = YES;
				CLANG_WARN_STRICT_PROTOTYPES = YES;
				CLANG_WARN_SUSPICIOUS_MOVE = YES;
				CLANG_WARN_UNGUARDED_AVAILABILITY = YES_AGGRESSIVE;
				CLANG_WARN_UNREACHABLE_CODE = YES;
				CLANG_WARN__DUPLICATE_METHOD_MATCH = YES;
				COPY_PHASE_STRIP = NO;
				DEBUG_INFORMATION_FORMAT = "dwarf-with-dsym";
				ENABLE_NS_ASSERTIONS = NO;
				ENABLE_STRICT_OBJC_MSGSEND = YES;
				GCC_C_LANGUAGE_STANDARD = gnu11;
				GCC_NO_COMMON_BLOCKS = YES;
				GCC_WARN_64_TO_32_BIT_CONVERSION = YES;
				GCC_WARN_ABOUT_RETURN_TYPE = YES_ERROR;
				GCC_WARN_UNDECLARED_SELECTOR = YES;
				GCC_WARN_UNINITIALIZED_AUTOS = YES_AGGRESSIVE;
				GCC_WARN_UNUSED_FUNCTION = YES;
				GCC_WARN_UNUSED_VARIABLE = YES;
				IPHONEOS_DEPLOYMENT_TARGET = 13.2;
				MTL_ENABLE_DEBUG_INFO = NO;
				MTL_FAST_MATH = YES;
				SDKROOT = iphoneos;
				SWIFT_COMPILATION_MODE = wholemodule;
				SWIFT_OPTIMIZATION_LEVEL = "-O";
				VALIDATE_PRODUCT = YES;
			};
			name = Release;
		};
		AE7EBF6823746F1100C1A055 /* Debug */ = {
			isa = XCBuildConfiguration;
			buildSettings = {
				ASSETCATALOG_COMPILER_APPICON_NAME = AppIcon;
				CODE_SIGN_STYLE = Automatic;
				INFOPLIST_FILE = Assignment3_WeijieZheng/Info.plist;
				LD_RUNPATH_SEARCH_PATHS = (
					"$(inherited)",
					"@executable_path/Frameworks",
				);
				PRODUCT_BUNDLE_IDENTIFIER = "Zhenzhen.Assignment3-WeijieZheng";
				PRODUCT_NAME = "$(TARGET_NAME)";
				SWIFT_VERSION = 5.0;
				TARGETED_DEVICE_FAMILY = "1,2";
			};
			name = Debug;
		};
		AE7EBF6923746F1100C1A055 /* Release */ = {
			isa = XCBuildConfiguration;
			buildSettings = {
				ASSETCATALOG_COMPILER_APPICON_NAME = AppIcon;
				CODE_SIGN_STYLE = Automatic;
				INFOPLIST_FILE = Assignment3_WeijieZheng/Info.plist;
				LD_RUNPATH_SEARCH_PATHS = (
					"$(inherited)",
					"@executable_path/Frameworks",
				);
				PRODUCT_BUNDLE_IDENTIFIER = "Zhenzhen.Assignment3-WeijieZheng";
				PRODUCT_NAME = "$(TARGET_NAME)";
				SWIFT_VERSION = 5.0;
				TARGETED_DEVICE_FAMILY = "1,2";
			};
			name = Release;
		};
		AE7EBF6B23746F1100C1A055 /* Debug */ = {
			isa = XCBuildConfiguration;
			buildSettings = {
				ALWAYS_EMBED_SWIFT_STANDARD_LIBRARIES = YES;
				BUNDLE_LOADER = "$(TEST_HOST)";
				CODE_SIGN_STYLE = Automatic;
				INFOPLIST_FILE = Assignment3_WeijieZhengTests/Info.plist;
				IPHONEOS_DEPLOYMENT_TARGET = 13.2;
				LD_RUNPATH_SEARCH_PATHS = (
					"$(inherited)",
					"@executable_path/Frameworks",
					"@loader_path/Frameworks",
				);
				PRODUCT_BUNDLE_IDENTIFIER = "Zhenzhen.Assignment3-WeijieZhengTests";
				PRODUCT_NAME = "$(TARGET_NAME)";
				SWIFT_VERSION = 5.0;
				TARGETED_DEVICE_FAMILY = "1,2";
				TEST_HOST = "$(BUILT_PRODUCTS_DIR)/Assignment3_WeijieZheng.app/Assignment3_WeijieZheng";
			};
			name = Debug;
		};
		AE7EBF6C23746F1100C1A055 /* Release */ = {
			isa = XCBuildConfiguration;
			buildSettings = {
				ALWAYS_EMBED_SWIFT_STANDARD_LIBRARIES = YES;
				BUNDLE_LOADER = "$(TEST_HOST)";
				CODE_SIGN_STYLE = Automatic;
				INFOPLIST_FILE = Assignment3_WeijieZhengTests/Info.plist;
				IPHONEOS_DEPLOYMENT_TARGET = 13.2;
				LD_RUNPATH_SEARCH_PATHS = (
					"$(inherited)",
					"@executable_path/Frameworks",
					"@loader_path/Frameworks",
				);
				PRODUCT_BUNDLE_IDENTIFIER = "Zhenzhen.Assignment3-WeijieZhengTests";
				PRODUCT_NAME = "$(TARGET_NAME)";
				SWIFT_VERSION = 5.0;
				TARGETED_DEVICE_FAMILY = "1,2";
				TEST_HOST = "$(BUILT_PRODUCTS_DIR)/Assignment3_WeijieZheng.app/Assignment3_WeijieZheng";
			};
			name = Release;
		};
		AE7EBF6E23746F1100C1A055 /* Debug */ = {
			isa = XCBuildConfiguration;
			buildSettings = {
				ALWAYS_EMBED_SWIFT_STANDARD_LIBRARIES = YES;
				CODE_SIGN_STYLE = Automatic;
				INFOPLIST_FILE = Assignment3_WeijieZhengUITests/Info.plist;
				LD_RUNPATH_SEARCH_PATHS = (
					"$(inherited)",
					"@executable_path/Frameworks",
					"@loader_path/Frameworks",
				);
				PRODUCT_BUNDLE_IDENTIFIER = "Zhenzhen.Assignment3-WeijieZhengUITests";
				PRODUCT_NAME = "$(TARGET_NAME)";
				SWIFT_VERSION = 5.0;
				TARGETED_DEVICE_FAMILY = "1,2";
				TEST_TARGET_NAME = Assignment3_WeijieZheng;
			};
			name = Debug;
		};
		AE7EBF6F23746F1100C1A055 /* Release */ = {
			isa = XCBuildConfiguration;
			buildSettings = {
				ALWAYS_EMBED_SWIFT_STANDARD_LIBRARIES = YES;
				CODE_SIGN_STYLE = Automatic;
				INFOPLIST_FILE = Assignment3_WeijieZhengUITests/Info.plist;
				LD_RUNPATH_SEARCH_PATHS = (
					"$(inherited)",
					"@executable_path/Frameworks",
					"@loader_path/Frameworks",
				);
				PRODUCT_BUNDLE_IDENTIFIER = "Zhenzhen.Assignment3-WeijieZhengUITests";
				PRODUCT_NAME = "$(TARGET_NAME)";
				SWIFT_VERSION = 5.0;
				TARGETED_DEVICE_FAMILY = "1,2";
				TEST_TARGET_NAME = Assignment3_WeijieZheng;
			};
			name = Release;
		};
/* End XCBuildConfiguration section */

/* Begin XCConfigurationList section */
		AE7EBF3823746F0E00C1A055 /* Build configuration list for PBXProject "Assignment3_WeijieZheng" */ = {
			isa = XCConfigurationList;
			buildConfigurations = (
				AE7EBF6523746F1100C1A055 /* Debug */,
				AE7EBF6623746F1100C1A055 /* Release */,
			);
			defaultConfigurationIsVisible = 0;
			defaultConfigurationName = Release;
		};
		AE7EBF6723746F1100C1A055 /* Build configuration list for PBXNativeTarget "Assignment3_WeijieZheng" */ = {
			isa = XCConfigurationList;
			buildConfigurations = (
				AE7EBF6823746F1100C1A055 /* Debug */,
				AE7EBF6923746F1100C1A055 /* Release */,
			);
			defaultConfigurationIsVisible = 0;
			defaultConfigurationName = Release;
		};
		AE7EBF6A23746F1100C1A055 /* Build configuration list for PBXNativeTarget "Assignment3_WeijieZhengTests" */ = {
			isa = XCConfigurationList;
			buildConfigurations = (
				AE7EBF6B23746F1100C1A055 /* Debug */,
				AE7EBF6C23746F1100C1A055 /* Release */,
			);
			defaultConfigurationIsVisible = 0;
			defaultConfigurationName = Release;
		};
		AE7EBF6D23746F1100C1A055 /* Build configuration list for PBXNativeTarget "Assignment3_WeijieZhengUITests" */ = {
			isa = XCConfigurationList;
			buildConfigurations = (
				AE7EBF6E23746F1100C1A055 /* Debug */,
				AE7EBF6F23746F1100C1A055 /* Release */,
			);
			defaultConfigurationIsVisible = 0;
			defaultConfigurationName = Release;
		};
/* End XCConfigurationList section */
	};
	rootObject = AE7EBF3523746F0E00C1A055 /* Project object */;
}
